
Microsoft Visual Studio Solution File, Format Version 12.00
# Visual Studio 2012
Project("{FAE04EC0-301F-11D3-BF4B-00C04F79EFBC}") = "SharpMessaging", "lib\SharpMessaging\SharpMessaging.csproj", "{605EDDEB-E151-4826-9134-005B0FCCAB57}"
EndProject
Project("{FAE04EC0-301F-11D3-BF4B-00C04F79EFBC}") = "SharpMessaging.Tests", "lib\SharpMessaging.Tests\SharpMessaging.Tests.csproj", "{CC9C68A8-5902-41B7-B017-50523D2546F6}"
EndProject
Project("{FAE04EC0-301F-11D3-BF4B-00C04F79EFBC}") = "SharpMessaging.BenchmarkingTool", "tools\SharpMessaging.BenchmarkingTool\SharpMessaging.BenchmarkApp.csproj", "{79E9A3D5-AA19-4796-A17D-4BACF3B2343D}"
EndProject
Project("{FAE04EC0-301F-11D3-BF4B-00C04F79EFBC}") = "SharpMessaging.DemoApp", "tools\SharpMessaging.DemoApp\SharpMessaging.DemoApp.csproj", "{9C4D09E8-B94A-4E27-ADAE-FEE135129929}"
EndProject
Project("{FAE04EC0-301F-11D3-BF4B-00C04F79EFBC}") = "SharpMessaging.fastJSON", "lib\SharpMessaging.fastJSON\SharpMessaging.fastJSON.csproj", "{C0B873BC-8A50-426E-B12E-FB9663B2750C}"
EndProject
Global
	GlobalSection(SolutionConfigurationPlatforms) = preSolution
		Debug|Any CPU = Debug|Any CPU
		Release|Any CPU = Release|Any CPU
	EndGlobalSection
	GlobalSection(ProjectConfigurationPlatforms) = postSolution
		{605EDDEB-E151-4826-9134-005B0FCCAB57}.Debug|Any CPU.ActiveCfg = Debug|Any CPU
		{605EDDEB-E151-4826-9134-005B0FCCAB57}.Debug|Any CPU.Build.0 = Debug|Any CPU
		{605EDDEB-E151-4826-9134-005B0FCCAB57}.Release|Any CPU.ActiveCfg = Release|Any CPU
		{605EDDEB-E151-4826-9134-005B0FCCAB57}.Release|Any CPU.Build.0 = Release|Any CPU
		{CC9C68A8-5902-41B7-B017-50523D2546F6}.Debug|Any CPU.ActiveCfg = Debug|Any CPU
		{CC9C68A8-5902-41B7-B017-50523D2546F6}.Debug|Any CPU.Build.0 = Debug|Any CPU
		{CC9C68A8-5902-41B7-B017-50523D2546F6}.Release|Any CPU.ActiveCfg = Release|Any CPU
		{CC9C68A8-5902-41B7-B017-50523D2546F6}.Release|Any CPU.Build.0 = Release|Any CPU
		{79E9A3D5-AA19-4796-A17D-4BACF3B2343D}.Debug|Any CPU.ActiveCfg = Debug|Any CPU
		{79E9A3D5-AA19-4796-A17D-4BACF3B2343D}.Debug|Any CPU.Build.0 = Debug|Any CPU
		{79E9A3D5-AA19-4796-A17D-4BACF3B2343D}.Release|Any CPU.ActiveCfg = Release|Any CPU
		{79E9A3D5-AA19-4796-A17D-4BACF3B2343D}.Release|Any CPU.Build.0 = Release|Any CPU
		{9C4D09E8-B94A-4E27-ADAE-FEE135129929}.Debug|Any CPU.ActiveCfg = Debug|Any CPU
		{9C4D09E8-B94A-4E27-ADAE-FEE135129929}.Debug|Any CPU.Build.0 = Debug|Any CPU
		{9C4D09E8-B94A-4E27-ADAE-FEE135129929}.Release|Any CPU.ActiveCfg = Release|Any CPU
		{9C4D09E8-B94A-4E27-ADAE-FEE135129929}.Release|Any CPU.Build.0 = Release|Any CPU
		{C0B873BC-8A50-426E-B12E-FB9663B2750C}.Debug|Any CPU.ActiveCfg = Debug|Any CPU
		{C0B873BC-8A50-426E-B12E-FB9663B2750C}.Debug|Any CPU.Build.0 = Debug|Any CPU
		{C0B873BC-8A50-426E-B12E-FB9663B2750C}.Release|Any CPU.ActiveCfg = Release|Any CPU
		{C0B873BC-8A50-426E-B12E-FB9663B2750C}.Release|Any CPU.Build.0 = Release|Any CPU
	EndGlobalSection
	GlobalSection(SolutionProperties) = preSolution
		HideSolutionNode = FALSE
	EndGlobalSection
EndGlobal
